
Microsoft Visual Studio Solution File, Format Version 12.00
# Visual Studio Version 17
VisualStudioVersion = 17.4.33205.214
MinimumVisualStudioVersion = 10.0.40219.1
Project("{9A19103F-16F7-4668-BE54-9A1E7A4F7556}") = "QuizWorld.Web", "QuizWorld.Web\QuizWorld.Web.csproj", "{F4937043-AFCF-40F7-AD1B-223B540557E9}"
EndProject
Project("{9A19103F-16F7-4668-BE54-9A1E7A4F7556}") = "QuizWorld.Tests", "QuizWorld.Tests\QuizWorld.Tests.csproj", "{1CD54038-1C4A-4DE6-B943-36BC139BBB3B}"
EndProject
Project("{9A19103F-16F7-4668-BE54-9A1E7A4F7556}") = "QuizWorld.Common", "QuizWorld.Common\QuizWorld.Common.csproj", "{679D343D-B99F-4542-B1EF-F41EC1155593}"
EndProject
Project("{9A19103F-16F7-4668-BE54-9A1E7A4F7556}") = "QuizWorld.Infrastructure", "QuizWorld.Infrastructure\QuizWorld.Infrastructure.csproj", "{EC46D2B9-3CF5-4E95-9F92-0E3684F61924}"
EndProject
Project("{FAE04EC0-301F-11D3-BF4B-00C04F79EFBC}") = "QuizWorld.ViewModels", "QuizWorld.ViewModels\QuizWorld.ViewModels.csproj", "{E6E8976C-8527-479B-9CF6-89EE48BA734D}"
EndProject
Global
	GlobalSection(SolutionConfigurationPlatforms) = preSolution
		Debug|Any CPU = Debug|Any CPU
		Release|Any CPU = Release|Any CPU
	EndGlobalSection
	GlobalSection(ProjectConfigurationPlatforms) = postSolution
		{F4937043-AFCF-40F7-AD1B-223B540557E9}.Debug|Any CPU.ActiveCfg = Debug|Any CPU
		{F4937043-AFCF-40F7-AD1B-223B540557E9}.Debug|Any CPU.Build.0 = Debug|Any CPU
		{F4937043-AFCF-40F7-AD1B-223B540557E9}.Release|Any CPU.ActiveCfg = Release|Any CPU
		{F4937043-AFCF-40F7-AD1B-223B540557E9}.Release|Any CPU.Build.0 = Release|Any CPU
		{1CD54038-1C4A-4DE6-B943-36BC139BBB3B}.Debug|Any CPU.ActiveCfg = Debug|Any CPU
		{1CD54038-1C4A-4DE6-B943-36BC139BBB3B}.Debug|Any CPU.Build.0 = Debug|Any CPU
		{1CD54038-1C4A-4DE6-B943-36BC139BBB3B}.Release|Any CPU.ActiveCfg = Release|Any CPU
		{1CD54038-1C4A-4DE6-B943-36BC139BBB3B}.Release|Any CPU.Build.0 = Release|Any CPU
		{679D343D-B99F-4542-B1EF-F41EC1155593}.Debug|Any CPU.ActiveCfg = Debug|Any CPU
		{679D343D-B99F-4542-B1EF-F41EC1155593}.Debug|Any CPU.Build.0 = Debug|Any CPU
		{679D343D-B99F-4542-B1EF-F41EC1155593}.Release|Any CPU.ActiveCfg = Release|Any CPU
		{679D343D-B99F-4542-B1EF-F41EC1155593}.Release|Any CPU.Build.0 = Release|Any CPU
		{EC46D2B9-3CF5-4E95-9F92-0E3684F61924}.Debug|Any CPU.ActiveCfg = Debug|Any CPU
		{EC46D2B9-3CF5-4E95-9F92-0E3684F61924}.Debug|Any CPU.Build.0 = Debug|Any CPU
		{EC46D2B9-3CF5-4E95-9F92-0E3684F61924}.Release|Any CPU.ActiveCfg = Release|Any CPU
		{EC46D2B9-3CF5-4E95-9F92-0E3684F61924}.Release|Any CPU.Build.0 = Release|Any CPU
		{E6E8976C-8527-479B-9CF6-89EE48BA734D}.Debug|Any CPU.ActiveCfg = Debug|Any CPU
		{E6E8976C-8527-479B-9CF6-89EE48BA734D}.Debug|Any CPU.Build.0 = Debug|Any CPU
		{E6E8976C-8527-479B-9CF6-89EE48BA734D}.Release|Any CPU.ActiveCfg = Release|Any CPU
		{E6E8976C-8527-479B-9CF6-89EE48BA734D}.Release|Any CPU.Build.0 = Release|Any CPU
	EndGlobalSection
	GlobalSection(SolutionProperties) = preSolution
		HideSolutionNode = FALSE
	EndGlobalSection
	GlobalSection(ExtensibilityGlobals) = postSolution
		SolutionGuid = {45E2E6C2-5A5D-4F49-AF56-6DFC71EC028D}
	EndGlobalSection
EndGlobal
