
Microsoft Visual Studio Solution File, Format Version 12.00
# Visual Studio Version 17
VisualStudioVersion = 17.4.33205.214
MinimumVisualStudioVersion = 10.0.40219.1
Project("{9A19103F-16F7-4668-BE54-9A1E7A4F7556}") = "QuizWorld.Web", "QuizWorld.Web\QuizWorld.Web.csproj", "{F4937043-AFCF-40F7-AD1B-223B540557E9}"
EndProject
Project("{9A19103F-16F7-4668-BE54-9A1E7A4F7556}") = "Tests.Legacy", "QuizWorld.Tests\Tests.Legacy.csproj", "{1CD54038-1C4A-4DE6-B943-36BC139BBB3B}"
EndProject
Project("{9A19103F-16F7-4668-BE54-9A1E7A4F7556}") = "QuizWorld.Common", "QuizWorld.Common\QuizWorld.Common.csproj", "{679D343D-B99F-4542-B1EF-F41EC1155593}"
EndProject
Project("{9A19103F-16F7-4668-BE54-9A1E7A4F7556}") = "QuizWorld.Infrastructure", "QuizWorld.Infrastructure\QuizWorld.Infrastructure.csproj", "{EC46D2B9-3CF5-4E95-9F92-0E3684F61924}"
EndProject
Project("{9A19103F-16F7-4668-BE54-9A1E7A4F7556}") = "QuizWorld.ViewModels", "QuizWorld.ViewModels\QuizWorld.ViewModels.csproj", "{BFC705B3-2170-40AC-8915-5ED08CC942B0}"
EndProject
Project("{9A19103F-16F7-4668-BE54-9A1E7A4F7556}") = "QuizWorld.Web.Contracts", "QuizWorld.Web.Contracts\QuizWorld.Web.Contracts.csproj", "{DC5C153E-B5A3-4350-98E0-38DBC6312114}"
EndProject
Project("{9A19103F-16F7-4668-BE54-9A1E7A4F7556}") = "QuizWorld.Web.Services", "QuizWorld.Web.Services\QuizWorld.Web.Services.csproj", "{2377BC39-DCA1-4197-BF96-09D74E2B8D77}"
EndProject
Project("{E53339B2-1760-4266-BCC7-CA923CBCF16C}") = "docker-compose", "docker-compose.dcproj", "{330147D5-953F-45B7-B5F3-E0A43A73D520}"
EndProject
Project("{FAE04EC0-301F-11D3-BF4B-00C04F79EFBC}") = "Tests.Unit", "Tests.Unit\Tests.Unit.csproj", "{BD6968AB-3D91-4513-916B-8B1A5004829D}"
EndProject
Project("{FAE04EC0-301F-11D3-BF4B-00C04F79EFBC}") = "Tests.Util", "Tests.Util\Tests.Util.csproj", "{705EFA83-0EC5-4A18-98E1-A6F5D51DDF12}"
EndProject
Global
	GlobalSection(SolutionConfigurationPlatforms) = preSolution
		Debug|Any CPU = Debug|Any CPU
		Release|Any CPU = Release|Any CPU
	EndGlobalSection
	GlobalSection(ProjectConfigurationPlatforms) = postSolution
		{F4937043-AFCF-40F7-AD1B-223B540557E9}.Debug|Any CPU.ActiveCfg = Debug|Any CPU
		{F4937043-AFCF-40F7-AD1B-223B540557E9}.Debug|Any CPU.Build.0 = Debug|Any CPU
		{F4937043-AFCF-40F7-AD1B-223B540557E9}.Release|Any CPU.ActiveCfg = Release|Any CPU
		{F4937043-AFCF-40F7-AD1B-223B540557E9}.Release|Any CPU.Build.0 = Release|Any CPU
		{1CD54038-1C4A-4DE6-B943-36BC139BBB3B}.Debug|Any CPU.ActiveCfg = Debug|Any CPU
		{1CD54038-1C4A-4DE6-B943-36BC139BBB3B}.Debug|Any CPU.Build.0 = Debug|Any CPU
		{1CD54038-1C4A-4DE6-B943-36BC139BBB3B}.Release|Any CPU.ActiveCfg = Release|Any CPU
		{1CD54038-1C4A-4DE6-B943-36BC139BBB3B}.Release|Any CPU.Build.0 = Release|Any CPU
		{679D343D-B99F-4542-B1EF-F41EC1155593}.Debug|Any CPU.ActiveCfg = Debug|Any CPU
		{679D343D-B99F-4542-B1EF-F41EC1155593}.Debug|Any CPU.Build.0 = Debug|Any CPU
		{679D343D-B99F-4542-B1EF-F41EC1155593}.Release|Any CPU.ActiveCfg = Release|Any CPU
		{679D343D-B99F-4542-B1EF-F41EC1155593}.Release|Any CPU.Build.0 = Release|Any CPU
		{EC46D2B9-3CF5-4E95-9F92-0E3684F61924}.Debug|Any CPU.ActiveCfg = Debug|Any CPU
		{EC46D2B9-3CF5-4E95-9F92-0E3684F61924}.Debug|Any CPU.Build.0 = Debug|Any CPU
		{EC46D2B9-3CF5-4E95-9F92-0E3684F61924}.Release|Any CPU.ActiveCfg = Release|Any CPU
		{EC46D2B9-3CF5-4E95-9F92-0E3684F61924}.Release|Any CPU.Build.0 = Release|Any CPU
		{BFC705B3-2170-40AC-8915-5ED08CC942B0}.Debug|Any CPU.ActiveCfg = Debug|Any CPU
		{BFC705B3-2170-40AC-8915-5ED08CC942B0}.Debug|Any CPU.Build.0 = Debug|Any CPU
		{BFC705B3-2170-40AC-8915-5ED08CC942B0}.Release|Any CPU.ActiveCfg = Release|Any CPU
		{BFC705B3-2170-40AC-8915-5ED08CC942B0}.Release|Any CPU.Build.0 = Release|Any CPU
		{DC5C153E-B5A3-4350-98E0-38DBC6312114}.Debug|Any CPU.ActiveCfg = Debug|Any CPU
		{DC5C153E-B5A3-4350-98E0-38DBC6312114}.Debug|Any CPU.Build.0 = Debug|Any CPU
		{DC5C153E-B5A3-4350-98E0-38DBC6312114}.Release|Any CPU.ActiveCfg = Release|Any CPU
		{DC5C153E-B5A3-4350-98E0-38DBC6312114}.Release|Any CPU.Build.0 = Release|Any CPU
		{2377BC39-DCA1-4197-BF96-09D74E2B8D77}.Debug|Any CPU.ActiveCfg = Debug|Any CPU
		{2377BC39-DCA1-4197-BF96-09D74E2B8D77}.Debug|Any CPU.Build.0 = Debug|Any CPU
		{2377BC39-DCA1-4197-BF96-09D74E2B8D77}.Release|Any CPU.ActiveCfg = Release|Any CPU
		{2377BC39-DCA1-4197-BF96-09D74E2B8D77}.Release|Any CPU.Build.0 = Release|Any CPU
		{330147D5-953F-45B7-B5F3-E0A43A73D520}.Debug|Any CPU.ActiveCfg = Debug|Any CPU
		{330147D5-953F-45B7-B5F3-E0A43A73D520}.Debug|Any CPU.Build.0 = Debug|Any CPU
		{330147D5-953F-45B7-B5F3-E0A43A73D520}.Release|Any CPU.ActiveCfg = Release|Any CPU
		{330147D5-953F-45B7-B5F3-E0A43A73D520}.Release|Any CPU.Build.0 = Release|Any CPU
		{BD6968AB-3D91-4513-916B-8B1A5004829D}.Debug|Any CPU.ActiveCfg = Debug|Any CPU
		{BD6968AB-3D91-4513-916B-8B1A5004829D}.Debug|Any CPU.Build.0 = Debug|Any CPU
		{BD6968AB-3D91-4513-916B-8B1A5004829D}.Release|Any CPU.ActiveCfg = Release|Any CPU
		{BD6968AB-3D91-4513-916B-8B1A5004829D}.Release|Any CPU.Build.0 = Release|Any CPU
		{705EFA83-0EC5-4A18-98E1-A6F5D51DDF12}.Debug|Any CPU.ActiveCfg = Debug|Any CPU
		{705EFA83-0EC5-4A18-98E1-A6F5D51DDF12}.Debug|Any CPU.Build.0 = Debug|Any CPU
		{705EFA83-0EC5-4A18-98E1-A6F5D51DDF12}.Release|Any CPU.ActiveCfg = Release|Any CPU
		{705EFA83-0EC5-4A18-98E1-A6F5D51DDF12}.Release|Any CPU.Build.0 = Release|Any CPU
	EndGlobalSection
	GlobalSection(SolutionProperties) = preSolution
		HideSolutionNode = FALSE
	EndGlobalSection
	GlobalSection(ExtensibilityGlobals) = postSolution
		SolutionGuid = {45E2E6C2-5A5D-4F49-AF56-6DFC71EC028D}
	EndGlobalSection
EndGlobal
